<?xml version="1.0" encoding="utf-8"?>
<Project ToolsVersion="4.0" xmlns="http://schemas.microsoft.com/developer/msbuild/2003">
  <ItemGroup>
    <Filter Include="源文件">
      <UniqueIdentifier>{4FC737F1-C7A5-4376-A066-2A32D752A2FF}</UniqueIdentifier>
      <Extensions>cpp;c;cc;cxx;def;odl;idl;hpj;bat;asm;asmx</Extensions>
    </Filter>
    <Filter Include="头文件">
      <UniqueIdentifier>{93995380-89BD-4b04-88EB-625FBE52EBFB}</UniqueIdentifier>
      <Extensions>h;hpp;hxx;hm;inl;inc;xsd</Extensions>
    </Filter>
    <Filter Include="资源文件">
      <UniqueIdentifier>{67DA6AB6-F800-4c08-8B7A-83BB121AAD01}</UniqueIdentifier>
      <Extensions>rc;ico;cur;bmp;dlg;rc2;rct;bin;rgs;gif;jpg;jpeg;jpe;resx;tiff;tif;png;wav;mfcribbon-ms</Extensions>
    </Filter>
  </ItemGroup>
  <ItemGroup>
    <None Include="ReadMe.txt" />
    <None Include="res\Family_M_SyS.rc2">
      <Filter>资源文件</Filter>
    </None>
    <None Include="res\Family_M_SySDoc.ico">
      <Filter>资源文件</Filter>
    </None>
    <None Include="res\Family_M_SyS.ico">
      <Filter>资源文件</Filter>
    </None>
    <None Include="res\icon1.ico">
      <Filter>资源文件</Filter>
    </None>
    <None Include="icon1.ico">
      <Filter>资源文件</Filter>
    </None>
    <None Include="res\Personal_user_128px_522582_easyicon.net.ico">
      <Filter>资源文件</Filter>
    </None>
  </ItemGroup>
  <ItemGroup>
    <ClInclude Include="Family_M_SyS.h">
      <Filter>头文件</Filter>
    </ClInclude>
    <ClInclude Include="stdafx.h">
      <Filter>头文件</Filter>
    </ClInclude>
    <ClInclude Include="targetver.h">
      <Filter>头文件</Filter>
    </ClInclude>
    <ClInclude Include="MainFrm.h">
      <Filter>头文件</Filter>
    </ClInclude>
    <ClInclude Include="Family_M_SySDoc.h">
      <Filter>头文件</Filter>
    </ClInclude>
    <ClInclude Include="Family_M_SySView.h">
      <Filter>头文件</Filter>
    </ClInclude>
    <ClInclude Include="Resource.h">
      <Filter>头文件</Filter>
    </ClInclude>
    <ClInclude Include="LoginDlg.h">
      <Filter>头文件</Filter>
    </ClInclude>
    <ClInclude Include="InfoFile.h">
      <Filter>头文件</Filter>
    </ClInclude>
    <ClInclude Include="SelectView.h">
      <Filter>头文件</Filter>
    </ClInclude>
    <ClInclude Include="UserDlg.h">
      <Filter>头文件</Filter>
    </ClInclude>
    <ClInclude Include="AllDataDlg.h">
      <Filter>头文件</Filter>
    </ClInclude>
    <ClInclude Include="AddDlg.h">
      <Filter>头文件</Filter>
    </ClInclude>
    <ClInclude Include="C_Del_Cha_Dlg.h">
      <Filter>头文件</Filter>
    </ClInclude>
  </ItemGroup>
  <ItemGroup>
    <ClCompile Include="Family_M_SyS.cpp">
      <Filter>源文件</Filter>
    </ClCompile>
    <ClCompile Include="stdafx.cpp">
      <Filter>源文件</Filter>
    </ClCompile>
    <ClCompile Include="MainFrm.cpp">
      <Filter>源文件</Filter>
    </ClCompile>
    <ClCompile Include="Family_M_SySDoc.cpp">
      <Filter>源文件</Filter>
    </ClCompile>
    <ClCompile Include="Family_M_SySView.cpp">
      <Filter>源文件</Filter>
    </ClCompile>
    <ClCompile Include="LoginDlg.cpp">
      <Filter>源文件</Filter>
    </ClCompile>
    <ClCompile Include="InfoFile.cpp">
      <Filter>源文件</Filter>
    </ClCompile>
    <ClCompile Include="SelectView.cpp">
      <Filter>源文件</Filter>
    </ClCompile>
    <ClCompile Include="UserDlg.cpp">
      <Filter>源文件</Filter>
    </ClCompile>
    <ClCompile Include="AllDataDlg.cpp">
      <Filter>源文件</Filter>
    </ClCompile>
    <ClCompile Include="AddDlg.cpp">
      <Filter>源文件</Filter>
    </ClCompile>
    <ClCompile Include="C_Del_Cha_Dlg.cpp">
      <Filter>源文件</Filter>
    </ClCompile>
  </ItemGroup>
  <ItemGroup>
    <ResourceCompile Include="Family_M_SyS.rc">
      <Filter>资源文件</Filter>
    </ResourceCompile>
  </ItemGroup>
</Project>